
Microsoft Visual Studio Solution File, Format Version 12.00
# Visual Studio Version 16
VisualStudioVersion = 16.0.810.22
MinimumVisualStudioVersion = 10.0.40219.1
Project("{FAE04EC0-301F-11D3-BF4B-00C04F79EFBC}") = "Lab04.Android", "Lab04.Android\Lab04.Android.csproj", "{731CB671-B3B6-4945-80A4-98B401BBBC11}"
EndProject
Project("{FAE04EC0-301F-11D3-BF4B-00C04F79EFBC}") = "Lab04.iOS", "Lab04.iOS\Lab04.iOS.csproj", "{5C562427-7A2B-45E2-9697-F8E536B92721}"
EndProject
Project("{FAE04EC0-301F-11D3-BF4B-00C04F79EFBC}") = "Lab04", "Lab04\Lab04.csproj", "{0BFFDB77-59FB-4195-B94D-0EA65F9EE7CA}"
EndProject
Global
	GlobalSection(SolutionConfigurationPlatforms) = preSolution
		Debug|Any CPU = Debug|Any CPU
		Release|Any CPU = Release|Any CPU
		Debug|iPhoneSimulator = Debug|iPhoneSimulator
		Release|iPhoneSimulator = Release|iPhoneSimulator
		Debug|iPhone = Debug|iPhone
		Release|iPhone = Release|iPhone
	EndGlobalSection
	GlobalSection(ProjectConfigurationPlatforms) = postSolution
		{731CB671-B3B6-4945-80A4-98B401BBBC11}.Debug|Any CPU.ActiveCfg = Debug|Any CPU
		{731CB671-B3B6-4945-80A4-98B401BBBC11}.Debug|Any CPU.Build.0 = Debug|Any CPU
		{731CB671-B3B6-4945-80A4-98B401BBBC11}.Release|Any CPU.ActiveCfg = Release|Any CPU
		{731CB671-B3B6-4945-80A4-98B401BBBC11}.Release|Any CPU.Build.0 = Release|Any CPU
		{731CB671-B3B6-4945-80A4-98B401BBBC11}.Debug|iPhoneSimulator.ActiveCfg = Debug|Any CPU
		{731CB671-B3B6-4945-80A4-98B401BBBC11}.Debug|iPhoneSimulator.Build.0 = Debug|Any CPU
		{731CB671-B3B6-4945-80A4-98B401BBBC11}.Release|iPhoneSimulator.ActiveCfg = Release|Any CPU
		{731CB671-B3B6-4945-80A4-98B401BBBC11}.Release|iPhoneSimulator.Build.0 = Release|Any CPU
		{731CB671-B3B6-4945-80A4-98B401BBBC11}.Debug|iPhone.ActiveCfg = Debug|Any CPU
		{731CB671-B3B6-4945-80A4-98B401BBBC11}.Debug|iPhone.Build.0 = Debug|Any CPU
		{731CB671-B3B6-4945-80A4-98B401BBBC11}.Release|iPhone.ActiveCfg = Release|Any CPU
		{731CB671-B3B6-4945-80A4-98B401BBBC11}.Release|iPhone.Build.0 = Release|Any CPU
		{5C562427-7A2B-45E2-9697-F8E536B92721}.Debug|Any CPU.ActiveCfg = Debug|iPhoneSimulator
		{5C562427-7A2B-45E2-9697-F8E536B92721}.Debug|Any CPU.Build.0 = Debug|iPhoneSimulator
		{5C562427-7A2B-45E2-9697-F8E536B92721}.Release|Any CPU.ActiveCfg = Release|iPhoneSimulator
		{5C562427-7A2B-45E2-9697-F8E536B92721}.Release|Any CPU.Build.0 = Release|iPhoneSimulator
		{5C562427-7A2B-45E2-9697-F8E536B92721}.Debug|iPhoneSimulator.ActiveCfg = Debug|iPhoneSimulator
		{5C562427-7A2B-45E2-9697-F8E536B92721}.Debug|iPhoneSimulator.Build.0 = Debug|iPhoneSimulator
		{5C562427-7A2B-45E2-9697-F8E536B92721}.Release|iPhoneSimulator.ActiveCfg = Release|iPhoneSimulator
		{5C562427-7A2B-45E2-9697-F8E536B92721}.Release|iPhoneSimulator.Build.0 = Release|iPhoneSimulator
		{5C562427-7A2B-45E2-9697-F8E536B92721}.Debug|iPhone.ActiveCfg = Debug|iPhone
		{5C562427-7A2B-45E2-9697-F8E536B92721}.Debug|iPhone.Build.0 = Debug|iPhone
		{5C562427-7A2B-45E2-9697-F8E536B92721}.Release|iPhone.ActiveCfg = Release|iPhone
		{5C562427-7A2B-45E2-9697-F8E536B92721}.Release|iPhone.Build.0 = Release|iPhone
		{0BFFDB77-59FB-4195-B94D-0EA65F9EE7CA}.Debug|Any CPU.ActiveCfg = Debug|Any CPU
		{0BFFDB77-59FB-4195-B94D-0EA65F9EE7CA}.Debug|Any CPU.Build.0 = Debug|Any CPU
		{0BFFDB77-59FB-4195-B94D-0EA65F9EE7CA}.Release|Any CPU.ActiveCfg = Release|Any CPU
		{0BFFDB77-59FB-4195-B94D-0EA65F9EE7CA}.Release|Any CPU.Build.0 = Release|Any CPU
		{0BFFDB77-59FB-4195-B94D-0EA65F9EE7CA}.Debug|iPhoneSimulator.ActiveCfg = Debug|Any CPU
		{0BFFDB77-59FB-4195-B94D-0EA65F9EE7CA}.Debug|iPhoneSimulator.Build.0 = Debug|Any CPU
		{0BFFDB77-59FB-4195-B94D-0EA65F9EE7CA}.Release|iPhoneSimulator.ActiveCfg = Release|Any CPU
		{0BFFDB77-59FB-4195-B94D-0EA65F9EE7CA}.Release|iPhoneSimulator.Build.0 = Release|Any CPU
		{0BFFDB77-59FB-4195-B94D-0EA65F9EE7CA}.Debug|iPhone.ActiveCfg = Debug|Any CPU
		{0BFFDB77-59FB-4195-B94D-0EA65F9EE7CA}.Debug|iPhone.Build.0 = Debug|Any CPU
		{0BFFDB77-59FB-4195-B94D-0EA65F9EE7CA}.Release|iPhone.ActiveCfg = Release|Any CPU
		{0BFFDB77-59FB-4195-B94D-0EA65F9EE7CA}.Release|iPhone.Build.0 = Release|Any CPU
	EndGlobalSection
	GlobalSection(SolutionProperties) = preSolution
		HideSolutionNode = FALSE
	EndGlobalSection
	GlobalSection(ExtensibilityGlobals) = postSolution
		SolutionGuid = {CEF12050-F203-4740-87FE-033313949DFA}
	EndGlobalSection
EndGlobal
